// !$*UTF8*$!
{
	archiveVersion = 1;
	classes = {
	};
	objectVersion = 46;
	objects = {

/* Begin PBXBuildFile section */
		64544DB31D02E65F003B9CEC /* main.m in Sources */ = {isa = PBXBuildFile; fileRef = 64544DB21D02E65F003B9CEC /* main.m */; };
		64544DB61D02E65F003B9CEC /* AppDelegate.m in Sources */ = {isa = PBXBuildFile; fileRef = 64544DB51D02E65F003B9CEC /* AppDelegate.m */; };
		64544DBE1D02E65F003B9CEC /* Assets.xcassets in Resources */ = {isa = PBXBuildFile; fileRef = 64544DBD1D02E65F003B9CEC /* Assets.xcassets */; };
		64544DC11D02E65F003B9CEC /* LaunchScreen.storyboard in Resources */ = {isa = PBXBuildFile; fileRef = 64544DBF1D02E65F003B9CEC /* LaunchScreen.storyboard */; };
		64544DCA1D02F532003B9CEC /* AGTWineModel.m in Sources */ = {isa = PBXBuildFile; fileRef = 64544DC91D02F532003B9CEC /* AGTWineModel.m */; };
		645B80B41D034A4200A22621 /* AGTWineViewController.m in Sources */ = {isa = PBXBuildFile; fileRef = 645B80B21D034A4200A22621 /* AGTWineViewController.m */; };
		645B80B51D034A4200A22621 /* AGTWineViewController.xib in Resources */ = {isa = PBXBuildFile; fileRef = 645B80B31D034A4200A22621 /* AGTWineViewController.xib */; };
		645B80B81D035C5D00A22621 /* splitView_score_glass@2x.png in Resources */ = {isa = PBXBuildFile; fileRef = 645B80B71D035C5D00A22621 /* splitView_score_glass@2x.png */; };
		645B80BB1D035D6900A22621 /* bembibre.jpg in Resources */ = {isa = PBXBuildFile; fileRef = 645B80BA1D035D6900A22621 /* bembibre.jpg */; };
		6472E0CA1D159D4300DDDE1E /* AGTWebViewController.m in Sources */ = {isa = PBXBuildFile; fileRef = 6472E0C81D159D4300DDDE1E /* AGTWebViewController.m */; };
		6472E0CB1D159D4300DDDE1E /* AGTWebViewController.xib in Resources */ = {isa = PBXBuildFile; fileRef = 6472E0C91D159D4300DDDE1E /* AGTWebViewController.xib */; };
		64AD51611D1E75C400C2F509 /* AGTWineryModel.m in Sources */ = {isa = PBXBuildFile; fileRef = 64AD51601D1E75C400C2F509 /* AGTWineryModel.m */; };
		64AD51641D1E76C500C2F509 /* AGTWineryTableViewController.m in Sources */ = {isa = PBXBuildFile; fileRef = 64AD51631D1E76C500C2F509 /* AGTWineryTableViewController.m */; };
		64AD51671D1E78ED00C2F509 /* comtesDeChampagne.jpg in Resources */ = {isa = PBXBuildFile; fileRef = 64AD51651D1E78ED00C2F509 /* comtesDeChampagne.jpg */; };
		64AD51681D1E78ED00C2F509 /* zarate.gif in Resources */ = {isa = PBXBuildFile; fileRef = 64AD51661D1E78ED00C2F509 /* zarate.gif */; };
/* End PBXBuildFile section */

/* Begin PBXFileReference section */
		64544DAE1D02E65F003B9CEC /* Baccus.app */ = {isa = PBXFileReference; explicitFileType = wrapper.application; includeInIndex = 0; path = Baccus.app; sourceTree = BUILT_PRODUCTS_DIR; };
		64544DB21D02E65F003B9CEC /* main.m */ = {isa = PBXFileReference; lastKnownFileType = sourcecode.c.objc; path = main.m; sourceTree = "<group>"; };
		64544DB41D02E65F003B9CEC /* AppDelegate.h */ = {isa = PBXFileReference; lastKnownFileType = sourcecode.c.h; path = AppDelegate.h; sourceTree = "<group>"; };
		64544DB51D02E65F003B9CEC /* AppDelegate.m */ = {isa = PBXFileReference; lastKnownFileType = sourcecode.c.objc; path = AppDelegate.m; sourceTree = "<group>"; };
		64544DBD1D02E65F003B9CEC /* Assets.xcassets */ = {isa = PBXFileReference; lastKnownFileType = folder.assetcatalog; path = Assets.xcassets; sourceTree = "<group>"; };
		64544DC01D02E65F003B9CEC /* Base */ = {isa = PBXFileReference; lastKnownFileType = file.storyboard; name = Base; path = Base.lproj/LaunchScreen.storyboard; sourceTree = "<group>"; };
		64544DC21D02E65F003B9CEC /* Info.plist */ = {isa = PBXFileReference; lastKnownFileType = text.plist.xml; path = Info.plist; sourceTree = "<group>"; };
		64544DC81D02F532003B9CEC /* AGTWineModel.h */ = {isa = PBXFileReference; fileEncoding = 4; lastKnownFileType = sourcecode.c.h; path = AGTWineModel.h; sourceTree = "<group>"; };
		64544DC91D02F532003B9CEC /* AGTWineModel.m */ = {isa = PBXFileReference; fileEncoding = 4; lastKnownFileType = sourcecode.c.objc; path = AGTWineModel.m; sourceTree = "<group>"; };
		645B80B11D034A4200A22621 /* AGTWineViewController.h */ = {isa = PBXFileReference; fileEncoding = 4; lastKnownFileType = sourcecode.c.h; path = AGTWineViewController.h; sourceTree = "<group>"; };
		645B80B21D034A4200A22621 /* AGTWineViewController.m */ = {isa = PBXFileReference; fileEncoding = 4; lastKnownFileType = sourcecode.c.objc; path = AGTWineViewController.m; sourceTree = "<group>"; };
		645B80B31D034A4200A22621 /* AGTWineViewController.xib */ = {isa = PBXFileReference; fileEncoding = 4; lastKnownFileType = file.xib; path = AGTWineViewController.xib; sourceTree = "<group>"; };
		645B80B71D035C5D00A22621 /* splitView_score_glass@2x.png */ = {isa = PBXFileReference; lastKnownFileType = image.png; path = "splitView_score_glass@2x.png"; sourceTree = "<group>"; };
		645B80BA1D035D6900A22621 /* bembibre.jpg */ = {isa = PBXFileReference; lastKnownFileType = image.jpeg; path = bembibre.jpg; sourceTree = "<group>"; };
		6472E0C71D159D4300DDDE1E /* AGTWebViewController.h */ = {isa = PBXFileReference; fileEncoding = 4; lastKnownFileType = sourcecode.c.h; path = AGTWebViewController.h; sourceTree = "<group>"; };
		6472E0C81D159D4300DDDE1E /* AGTWebViewController.m */ = {isa = PBXFileReference; fileEncoding = 4; lastKnownFileType = sourcecode.c.objc; path = AGTWebViewController.m; sourceTree = "<group>"; };
		6472E0C91D159D4300DDDE1E /* AGTWebViewController.xib */ = {isa = PBXFileReference; fileEncoding = 4; lastKnownFileType = file.xib; path = AGTWebViewController.xib; sourceTree = "<group>"; };
		64AD515F1D1E75C400C2F509 /* AGTWineryModel.h */ = {isa = PBXFileReference; fileEncoding = 4; lastKnownFileType = sourcecode.c.h; path = AGTWineryModel.h; sourceTree = "<group>"; };
		64AD51601D1E75C400C2F509 /* AGTWineryModel.m */ = {isa = PBXFileReference; fileEncoding = 4; lastKnownFileType = sourcecode.c.objc; path = AGTWineryModel.m; sourceTree = "<group>"; };
		64AD51621D1E76C500C2F509 /* AGTWineryTableViewController.h */ = {isa = PBXFileReference; fileEncoding = 4; lastKnownFileType = sourcecode.c.h; path = AGTWineryTableViewController.h; sourceTree = "<group>"; };
		64AD51631D1E76C500C2F509 /* AGTWineryTableViewController.m */ = {isa = PBXFileReference; fileEncoding = 4; lastKnownFileType = sourcecode.c.objc; path = AGTWineryTableViewController.m; sourceTree = "<group>"; };
		64AD51651D1E78ED00C2F509 /* comtesDeChampagne.jpg */ = {isa = PBXFileReference; lastKnownFileType = image.jpeg; path = comtesDeChampagne.jpg; sourceTree = "<group>"; };
		64AD51661D1E78ED00C2F509 /* zarate.gif */ = {isa = PBXFileReference; lastKnownFileType = image.gif; path = zarate.gif; sourceTree = "<group>"; };
/* End PBXFileReference section */

/* Begin PBXFrameworksBuildPhase section */
		64544DAB1D02E65F003B9CEC /* Frameworks */ = {
			isa = PBXFrameworksBuildPhase;
			buildActionMask = 2147483647;
			files = (
			);
			runOnlyForDeploymentPostprocessing = 0;
		};
/* End PBXFrameworksBuildPhase section */

/* Begin PBXGroup section */
		64544DA51D02E65F003B9CEC = {
			isa = PBXGroup;
			children = (
				64544DB01D02E65F003B9CEC /* Baccus */,
				64544DAF1D02E65F003B9CEC /* Products */,
			);
			sourceTree = "<group>";
		};
		64544DAF1D02E65F003B9CEC /* Products */ = {
			isa = PBXGroup;
			children = (
				64544DAE1D02E65F003B9CEC /* Baccus.app */,
			);
			name = Products;
			sourceTree = "<group>";
		};
		64544DB01D02E65F003B9CEC /* Baccus */ = {
			isa = PBXGroup;
			children = (
				645B80B91D035C6800A22621 /* Resources */,
				64544DB41D02E65F003B9CEC /* AppDelegate.h */,
				64544DB51D02E65F003B9CEC /* AppDelegate.m */,
				645B80B61D034A5E00A22621 /* Controllers */,
				64544DCB1D02F53D003B9CEC /* Models */,
				64544DBD1D02E65F003B9CEC /* Assets.xcassets */,
				64544DBF1D02E65F003B9CEC /* LaunchScreen.storyboard */,
				64544DB11D02E65F003B9CEC /* Supporting Files */,
			);
			path = Baccus;
			sourceTree = "<group>";
		};
		64544DB11D02E65F003B9CEC /* Supporting Files */ = {
			isa = PBXGroup;
			children = (
				64544DC21D02E65F003B9CEC /* Info.plist */,
				64544DB21D02E65F003B9CEC /* main.m */,
			);
			name = "Supporting Files";
			sourceTree = "<group>";
		};
		64544DCB1D02F53D003B9CEC /* Models */ = {
			isa = PBXGroup;
			children = (
				64544DC81D02F532003B9CEC /* AGTWineModel.h */,
				64544DC91D02F532003B9CEC /* AGTWineModel.m */,
				64AD515F1D1E75C400C2F509 /* AGTWineryModel.h */,
				64AD51601D1E75C400C2F509 /* AGTWineryModel.m */,
			);
			name = Models;
			sourceTree = "<group>";
		};
		645B80B61D034A5E00A22621 /* Controllers */ = {
			isa = PBXGroup;
			children = (
				645B80B11D034A4200A22621 /* AGTWineViewController.h */,
				645B80B21D034A4200A22621 /* AGTWineViewController.m */,
				645B80B31D034A4200A22621 /* AGTWineViewController.xib */,
				6472E0C71D159D4300DDDE1E /* AGTWebViewController.h */,
				6472E0C81D159D4300DDDE1E /* AGTWebViewController.m */,
				6472E0C91D159D4300DDDE1E /* AGTWebViewController.xib */,
				64AD51621D1E76C500C2F509 /* AGTWineryTableViewController.h */,
				64AD51631D1E76C500C2F509 /* AGTWineryTableViewController.m */,
			);
			name = Controllers;
			sourceTree = "<group>";
		};
		645B80B91D035C6800A22621 /* Resources */ = {
			isa = PBXGroup;
			children = (
				64AD51651D1E78ED00C2F509 /* comtesDeChampagne.jpg */,
				64AD51661D1E78ED00C2F509 /* zarate.gif */,
				645B80BA1D035D6900A22621 /* bembibre.jpg */,
				645B80B71D035C5D00A22621 /* splitView_score_glass@2x.png */,
			);
			name = Resources;
			sourceTree = "<group>";
		};
/* End PBXGroup section */

/* Begin PBXNativeTarget section */
		64544DAD1D02E65F003B9CEC /* Baccus */ = {
			isa = PBXNativeTarget;
			buildConfigurationList = 64544DC51D02E65F003B9CEC /* Build configuration list for PBXNativeTarget "Baccus" */;
			buildPhases = (
				64544DAA1D02E65F003B9CEC /* Sources */,
				64544DAB1D02E65F003B9CEC /* Frameworks */,
				64544DAC1D02E65F003B9CEC /* Resources */,
			);
			buildRules = (
			);
			dependencies = (
			);
			name = Baccus;
			productName = Baccus;
			productReference = 64544DAE1D02E65F003B9CEC /* Baccus.app */;
			productType = "com.apple.product-type.application";
		};
/* End PBXNativeTarget section */

/* Begin PBXProject section */
		64544DA61D02E65F003B9CEC /* Project object */ = {
			isa = PBXProject;
			attributes = {
				LastUpgradeCheck = 0730;
				ORGANIZATIONNAME = mmartinezg;
				TargetAttributes = {
					64544DAD1D02E65F003B9CEC = {
						CreatedOnToolsVersion = 7.3.1;
					};
				};
			};
			buildConfigurationList = 64544DA91D02E65F003B9CEC /* Build configuration list for PBXProject "Baccus" */;
			compatibilityVersion = "Xcode 3.2";
			developmentRegion = English;
			hasScannedForEncodings = 0;
			knownRegions = (
				en,
				Base,
			);
			mainGroup = 64544DA51D02E65F003B9CEC;
			productRefGroup = 64544DAF1D02E65F003B9CEC /* Products */;
			projectDirPath = "";
			projectRoot = "";
			targets = (
				64544DAD1D02E65F003B9CEC /* Baccus */,
			);
		};
/* End PBXProject section */

/* Begin PBXResourcesBuildPhase section */
		64544DAC1D02E65F003B9CEC /* Resources */ = {
			isa = PBXResourcesBuildPhase;
			buildActionMask = 2147483647;
			files = (
				645B80B81D035C5D00A22621 /* splitView_score_glass@2x.png in Resources */,
				64AD51671D1E78ED00C2F509 /* comtesDeChampagne.jpg in Resources */,
				645B80B51D034A4200A22621 /* AGTWineViewController.xib in Resources */,
				6472E0CB1D159D4300DDDE1E /* AGTWebViewController.xib in Resources */,
				64544DC11D02E65F003B9CEC /* LaunchScreen.storyboard in Resources */,
				64AD51681D1E78ED00C2F509 /* zarate.gif in Resources */,
				645B80BB1D035D6900A22621 /* bembibre.jpg in Resources */,
				64544DBE1D02E65F003B9CEC /* Assets.xcassets in Resources */,
			);
			runOnlyForDeploymentPostprocessing = 0;
		};
/* End PBXResourcesBuildPhase section */

/* Begin PBXSourcesBuildPhase section */
		64544DAA1D02E65F003B9CEC /* Sources */ = {
			isa = PBXSourcesBuildPhase;
			buildActionMask = 2147483647;
			files = (
				645B80B41D034A4200A22621 /* AGTWineViewController.m in Sources */,
				64544DB61D02E65F003B9CEC /* AppDelegate.m in Sources */,
				6472E0CA1D159D4300DDDE1E /* AGTWebViewController.m in Sources */,
				64544DCA1D02F532003B9CEC /* AGTWineModel.m in Sources */,
				64AD51611D1E75C400C2F509 /* AGTWineryModel.m in Sources */,
				64AD51641D1E76C500C2F509 /* AGTWineryTableViewController.m in Sources */,
				64544DB31D02E65F003B9CEC /* main.m in Sources */,
			);
			runOnlyForDeploymentPostprocessing = 0;
		};
/* End PBXSourcesBuildPhase section */

/* Begin PBXVariantGroup section */
		64544DBF1D02E65F003B9CEC /* LaunchScreen.storyboard */ = {
			isa = PBXVariantGroup;
			children = (
				64544DC01D02E65F003B9CEC /* Base */,
			);
			name = LaunchScreen.storyboard;
			sourceTree = "<group>";
		};
/* End PBXVariantGroup section */

/* Begin XCBuildConfiguration section */
		64544DC31D02E65F003B9CEC /* Debug */ = {
			isa = XCBuildConfiguration;
			buildSettings = {
				ALWAYS_SEARCH_USER_PATHS = NO;
				CLANG_ANALYZER_NONNULL = YES;
				CLANG_CXX_LANGUAGE_STANDARD = "gnu++0x";
				CLANG_CXX_LIBRARY = "libc++";
				CLANG_ENABLE_MODULES = YES;
				CLANG_ENABLE_OBJC_ARC = YES;
				CLANG_WARN_BOOL_CONVERSION = YES;
				CLANG_WARN_CONSTANT_CONVERSION = YES;
				CLANG_WARN_DIRECT_OBJC_ISA_USAGE = YES_ERROR;
				CLANG_WARN_EMPTY_BODY = YES;
				CLANG_WARN_ENUM_CONVERSION = YES;
				CLANG_WARN_INT_CONVERSION = YES;
				CLANG_WARN_OBJC_ROOT_CLASS = YES_ERROR;
				CLANG_WARN_UNREACHABLE_CODE = YES;
				CLANG_WARN__DUPLICATE_METHOD_MATCH = YES;
				"CODE_SIGN_IDENTITY[sdk=iphoneos*]" = "iPhone Developer";
				COPY_PHASE_STRIP = NO;
				DEBUG_INFORMATION_FORMAT = dwarf;
				ENABLE_STRICT_OBJC_MSGSEND = YES;
				ENABLE_TESTABILITY = YES;
				GCC_C_LANGUAGE_STANDARD = gnu99;
				GCC_DYNAMIC_NO_PIC = NO;
				GCC_NO_COMMON_BLOCKS = YES;
				GCC_OPTIMIZATION_LEVEL = 0;
				GCC_PREPROCESSOR_DEFINITIONS = (
					"DEBUG=1",
					"$(inherited)",
				);
				GCC_WARN_64_TO_32_BIT_CONVERSION = YES;
				GCC_WARN_ABOUT_RETURN_TYPE = YES_ERROR;
				GCC_WARN_UNDECLARED_SELECTOR = YES;
				GCC_WARN_UNINITIALIZED_AUTOS = YES_AGGRESSIVE;
				GCC_WARN_UNUSED_FUNCTION = YES;
				GCC_WARN_UNUSED_VARIABLE = YES;
				IPHONEOS_DEPLOYMENT_TARGET = 9.3;
				MTL_ENABLE_DEBUG_INFO = YES;
				ONLY_ACTIVE_ARCH = YES;
				SDKROOT = iphoneos;
			};
			name = Debug;
		};
		64544DC41D02E65F003B9CEC /* Release */ = {
			isa = XCBuildConfiguration;
			buildSettings = {
				ALWAYS_SEARCH_USER_PATHS = NO;
				CLANG_ANALYZER_NONNULL = YES;
				CLANG_CXX_LANGUAGE_STANDARD = "gnu++0x";
				CLANG_CXX_LIBRARY = "libc++";
				CLANG_ENABLE_MODULES = YES;
				CLANG_ENABLE_OBJC_ARC = YES;
				CLANG_WARN_BOOL_CONVERSION = YES;
				CLANG_WARN_CONSTANT_CONVERSION = YES;
				CLANG_WARN_DIRECT_OBJC_ISA_USAGE = YES_ERROR;
				CLANG_WARN_EMPTY_BODY = YES;
				CLANG_WARN_ENUM_CONVERSION = YES;
				CLANG_WARN_INT_CONVERSION = YES;
				CLANG_WARN_OBJC_ROOT_CLASS = YES_ERROR;
				CLANG_WARN_UNREACHABLE_CODE = YES;
				CLANG_WARN__DUPLICATE_METHOD_MATCH = YES;
				"CODE_SIGN_IDENTITY[sdk=iphoneos*]" = "iPhone Developer";
				COPY_PHASE_STRIP = NO;
				DEBUG_INFORMATION_FORMAT = "dwarf-with-dsym";
				ENABLE_NS_ASSERTIONS = NO;
				ENABLE_STRICT_OBJC_MSGSEND = YES;
				GCC_C_LANGUAGE_STANDARD = gnu99;
				GCC_NO_COMMON_BLOCKS = YES;
				GCC_WARN_64_TO_32_BIT_CONVERSION = YES;
				GCC_WARN_ABOUT_RETURN_TYPE = YES_ERROR;
				GCC_WARN_UNDECLARED_SELECTOR = YES;
				GCC_WARN_UNINITIALIZED_AUTOS = YES_AGGRESSIVE;
				GCC_WARN_UNUSED_FUNCTION = YES;
				GCC_WARN_UNUSED_VARIABLE = YES;
				IPHONEOS_DEPLOYMENT_TARGET = 9.3;
				MTL_ENABLE_DEBUG_INFO = NO;
				SDKROOT = iphoneos;
				VALIDATE_PRODUCT = YES;
			};
			name = Release;
		};
		64544DC61D02E65F003B9CEC /* Debug */ = {
			isa = XCBuildConfiguration;
			buildSettings = {
				ASSETCATALOG_COMPILER_APPICON_NAME = AppIcon;
				INFOPLIST_FILE = Baccus/Info.plist;
				LD_RUNPATH_SEARCH_PATHS = "$(inherited) @executable_path/Frameworks";
				PRODUCT_BUNDLE_IDENTIFIER = com.mmartinezg.Baccus;
				PRODUCT_NAME = "$(TARGET_NAME)";
				TARGETED_DEVICE_FAMILY = "1,2";
			};
			name = Debug;
		};
		64544DC71D02E65F003B9CEC /* Release */ = {
			isa = XCBuildConfiguration;
			buildSettings = {
				ASSETCATALOG_COMPILER_APPICON_NAME = AppIcon;
				INFOPLIST_FILE = Baccus/Info.plist;
				LD_RUNPATH_SEARCH_PATHS = "$(inherited) @executable_path/Frameworks";
				PRODUCT_BUNDLE_IDENTIFIER = com.mmartinezg.Baccus;
				PRODUCT_NAME = "$(TARGET_NAME)";
				TARGETED_DEVICE_FAMILY = "1,2";
			};
			name = Release;
		};
/* End XCBuildConfiguration section */

/* Begin XCConfigurationList section */
		64544DA91D02E65F003B9CEC /* Build configuration list for PBXProject "Baccus" */ = {
			isa = XCConfigurationList;
			buildConfigurations = (
				64544DC31D02E65F003B9CEC /* Debug */,
				64544DC41D02E65F003B9CEC /* Release */,
			);
			defaultConfigurationIsVisible = 0;
			defaultConfigurationName = Release;
		};
		64544DC51D02E65F003B9CEC /* Build configuration list for PBXNativeTarget "Baccus" */ = {
			isa = XCConfigurationList;
			buildConfigurations = (
				64544DC61D02E65F003B9CEC /* Debug */,
				64544DC71D02E65F003B9CEC /* Release */,
			);
			defaultConfigurationIsVisible = 0;
			defaultConfigurationName = Release;
		};
/* End XCConfigurationList section */
	};
	rootObject = 64544DA61D02E65F003B9CEC /* Project object */;
}
